
Microsoft Visual Studio Solution File, Format Version 12.00
# Visual Studio Version 16
VisualStudioVersion = 16.0.31829.152
MinimumVisualStudioVersion = 10.0.40219.1
Project("{FAE04EC0-301F-11D3-BF4B-00C04F79EFBC}") = "VS 23 var1", "VS 23.1.1\VS 23 var1.csproj", "{4A2ADDB1-C6C8-4953-BFEB-B015A882F78F}"
EndProject
Project("{FAE04EC0-301F-11D3-BF4B-00C04F79EFBC}") = "VS 23 var2", "VS 23 var2\VS 23 var2.csproj", "{92CDE2C1-135B-4A94-8E45-1776DD07F63C}"
EndProject
Global
	GlobalSection(SolutionConfigurationPlatforms) = preSolution
		Debug|Any CPU = Debug|Any CPU
		Release|Any CPU = Release|Any CPU
	EndGlobalSection
	GlobalSection(ProjectConfigurationPlatforms) = postSolution
		{4A2ADDB1-C6C8-4953-BFEB-B015A882F78F}.Debug|Any CPU.ActiveCfg = Debug|Any CPU
		{4A2ADDB1-C6C8-4953-BFEB-B015A882F78F}.Debug|Any CPU.Build.0 = Debug|Any CPU
		{4A2ADDB1-C6C8-4953-BFEB-B015A882F78F}.Release|Any CPU.ActiveCfg = Release|Any CPU
		{4A2ADDB1-C6C8-4953-BFEB-B015A882F78F}.Release|Any CPU.Build.0 = Release|Any CPU
		{92CDE2C1-135B-4A94-8E45-1776DD07F63C}.Debug|Any CPU.ActiveCfg = Debug|Any CPU
		{92CDE2C1-135B-4A94-8E45-1776DD07F63C}.Debug|Any CPU.Build.0 = Debug|Any CPU
		{92CDE2C1-135B-4A94-8E45-1776DD07F63C}.Release|Any CPU.ActiveCfg = Release|Any CPU
		{92CDE2C1-135B-4A94-8E45-1776DD07F63C}.Release|Any CPU.Build.0 = Release|Any CPU
	EndGlobalSection
	GlobalSection(SolutionProperties) = preSolution
		HideSolutionNode = FALSE
	EndGlobalSection
	GlobalSection(ExtensibilityGlobals) = postSolution
		SolutionGuid = {3E80473E-BAA2-4B4F-9047-C6224957ECC1}
	EndGlobalSection
EndGlobal
